{
  "name": "excel",
  "version": "1.0.0",
  "lockfileVersion": 1,
  "requires": true,
  "dependencies": {
    "collections": {
      "version": "3.0.0",
      "resolved": "https://registry.npm.taobao.org/collections/download/collections-3.0.0.tgz",
      "integrity": "sha1-J+OJTfGyTO38VaG7sMDaEvaLqzE=",
      "requires": {
        "weak-map": "~1.0.x"
      }
    },
    "excel-export": {
      "version": "0.5.1",
      "resolved": "https://registry.npm.taobao.org/excel-export/download/excel-export-0.5.1.tgz",
      "integrity": "sha1-bQh4f5iy7JMeSz3P8YzJCDu7i3c=",
      "requires": {
        "collections": "^3.0.0",
        "node-zip": "1.x"
      }
    },
    "fs": {
      "version": "0.0.1-security",
      "resolved": "https://registry.npm.taobao.org/fs/download/fs-0.0.1-security.tgz",
      "integrity": "sha1-invTcYa23d84E/I4WLV+yq9eQdQ="
    },
    "jszip": {
      "version": "2.5.0",
      "resolved": "https://registry.npm.taobao.org/jszip/download/jszip-2.5.0.tgz?cache=0&other_urls=https%3A%2F%2Fregistry.npm.taobao.org%2Fjszip%2Fdownload%2Fjszip-2.5.0.tgz",
      "integrity": "sha1-dET9hVHd8+XacZj+oMkbyDCMwnQ=",
      "requires": {
        "pako": "~0.2.5"
      }
    },
    "node-zip": {
      "version": "1.1.1",
      "resolved": "https://registry.npm.taobao.org/node-zip/download/node-zip-1.1.1.tgz",
      "integrity": "sha1-lNGtZ0o81GoViN1zb0qaeMdX62I=",
      "requires": {
        "jszip": "2.5.0"
      }
    },
    "pako": {
      "version": "0.2.9",
      "resolved": "http://registry.npm.taobao.org/pako/download/pako-0.2.9.tgz",
      "integrity": "sha1-8/dSL073gjSNqBYbrZ7P1Rv4OnU="
    },
    "weak-map": {
      "version": "1.0.5",
      "resolved": "https://registry.npm.taobao.org/weak-map/download/weak-map-1.0.5.tgz",
      "integrity": "sha1-eWkVhNmGB/UHC9O3CkDmuyLkAes="
    }
  }
}
